# CPython 3.11, Ubuntu x86_64. Fully resolved and wheel-hash locked.
albucore==0.0.24 --hash=sha256:adef6e434e50e22c2ee127b7a3e71f2e35fa088bcf54431e18970b62d97d0005
albumentations==2.0.8 --hash=sha256:c4c4259aaf04a7386ad85c7fdcb73c6c7146ca3057446b745cc035805acb1017
annotated-types==0.8.0 --hash=sha256:f072f4d804ea359e4eaf198b1af7a8b0943881a87f31bb764f8bf219bb9419e0
contourpy==1.3.2 --hash=sha256:3859783aefa2b8355697f16642695a5b9792e7a46ab86da1118a4a23a51a33d7
cycler==0.12.1 --hash=sha256:85cef7cff222d8644161529808465972e51340599459b8ac3ccbac5a854e0d30
filelock==3.16.1 --hash=sha256:2082e5703d51fbf98ea75855d9d5527e33d8ff23099bec374a134febee6946b0
fonttools==4.63.0 --hash=sha256:d76ac49f929aecaf82d83250b8347e099d7aecba0f4726c1d9b6df3b8bb5fe18
fsspec==2024.10.0 --hash=sha256:03b9a6785766a4de40368b88906366755e2819e758b83705c88cd7cb5fe81871
imageio==2.37.4 --hash=sha256:1ab2e22c8debf700f24c3ac43e8f95f3b3a8110c83b93411e97b4b0b2cd1c7e6
iniconfig==2.3.0 --hash=sha256:f631c04d2c48c52b84d0d0549c99ff3859c98df65b3101406327ecc7d53fbf12
jinja2==3.1.4 --hash=sha256:bc5dd2abb727a5319567b7a813e6a2e7318c39f4f487cfe6c89c6f9c7d25197d
joblib==1.4.2 --hash=sha256:06d478d5674cbc267e7496a410ee875abd68e4340feff4490bcb7afb88060ae6
kiwisolver==1.5.0 --hash=sha256:2517e24d7315eb51c10664cdb865195df38ab74456c677df67bb47f12d088a27
lazy-loader==0.5 --hash=sha256:ab0ea149e9c554d4ffeeb21105ac60bed7f3b4fd69b1d2360a4add51b170b005
markupsafe==3.0.3 --hash=sha256:0bf2a864d67e76e5c9a34dc26ec616a66b9888e25e7b9460e1c76d3293bd9dbf
matplotlib==3.9.2 --hash=sha256:8912ef7c2362f7193b5819d17dae8629b34a95c58603d781329712ada83f9447
mpmath==1.3.0 --hash=sha256:a0b2b9fe80bbcd81a6647ff13108738cfb482d481d826cc0e02f5b35e5c88d2c
networkx==3.4.2 --hash=sha256:df5d4365b724cf81b8c6a7312509d0c22386097011ad1abe274afd5e9d3bbc5f
numpy==2.1.3 --hash=sha256:bc6f24b3d1ecc1eebfbf5d6051faa49af40b03be1aaa781ebdadcbc090b4539b
opencv-python-headless==4.10.0.84 --hash=sha256:377d08a7e48a1405b5e84afcbe4798464ce7ee17081c1c23619c8b398ff18295
packaging==26.3 --hash=sha256:d7193f7c8e4e93f444fde0262bf90af30e16fa0ad0ad44cb553c87339b23cd1c
pandas==2.2.3 --hash=sha256:c124333816c3a9b03fbeef3a9f230ba9a737e9e5bb4060aa2107a86cc0a497fc
pillow==11.0.0 --hash=sha256:6f4dba50cfa56f910241eb7f883c20f1e7b1d8f7d91c750cd0b318bad443f4d5
pluggy==1.6.0 --hash=sha256:e920276dd6813095e9377c0bc5566d94c932c33b27a3e3945d8389c374dd4746
pydantic==2.11.10 --hash=sha256:802a655709d49bd004c31e865ef37da30b540786a46bfce02333e0e24b5fe29a
pydantic-core==2.33.2 --hash=sha256:881b21b5549499972441da4758d662aeea93f1923f953e9cbaff14b8b9565aef
pyparsing==3.3.2 --hash=sha256:850ba148bd908d7e2411587e247a1e4f0327839c40e2e5e6d05a007ecc69911d
pytest==8.3.3 --hash=sha256:a6853c7375b2663155079443d2e45de913a911a11d669df02a50814944db57b2
python-dateutil==2.9.0.post0 --hash=sha256:a8b2bc7bffae282281c8140a97d3aa9c14da0b136dfe83f850eea9a5f7470427
pytz==2026.3.post1 --hash=sha256:dd95840dd199baea12d9cc096a1d452caa6596a1c1e4b5f3dbd1541855d5e815
pyyaml==6.0.2 --hash=sha256:3ad2a3decf9aaba3d29c8f537ac4b243e36bef957511b4766cb0057d32b0be85
scikit-image==0.24.0 --hash=sha256:fa27b3a0dbad807b966b8db2d78da734cb812ca4787f7fbb143764800ce2fa9c
scikit-learn==1.5.2 --hash=sha256:f8b0ccd4a902836493e026c03256e8b206656f91fbcc4fde28c57a5b752561f1
scipy==1.14.1 --hash=sha256:fef8c87f8abfb884dac04e97824b61299880c43f4ce675dd2cbeadd3c9b466d2
seaborn==0.13.2 --hash=sha256:636f8336facf092165e27924f223d3c62ca560b1f2bb5dff7ab7fad265361987
simsimd==6.5.16 --hash=sha256:34c34c95a32c881ce2d64cec445c82d33f2e350ca02ad50b053a78407d6163ba
six==1.17.0 --hash=sha256:4721f391ed90541fddacab5acf947aa0d3dc7d27b2e1e8eda2be8970586c3274
stringzilla==5.1.2 --hash=sha256:3d899138ac6a9c697cb7f85ca52ebdafc0b8f7ef0fe1cc37a671363d6b33d187
sympy==1.13.1 --hash=sha256:db36cdc64bf61b9b24578b6f7bab1ecdd2452cf008f34faa33776680c26d66f8
threadpoolctl==3.6.0 --hash=sha256:43a0b8fd5a2928500110039e43a5eed8480b918967083ea48dc3ab9f13c4a7fb
tifffile==2026.3.3 --hash=sha256:e8be15c94273113d31ecb7aa3a39822189dd11c4967e3cc88c178f1ad2fd1170
tqdm==4.67.0 --hash=sha256:0cd8af9d56911acab92182e88d763100d4788bdf421d251616040cc4d44863be
typing-extensions==4.12.2 --hash=sha256:04e5ca0351e0f3f85c6853954072df659d0d13fac324d0072316b67d7794700d
typing-inspection==0.4.2 --hash=sha256:4ed1cacbdc298c220f1bd249ed5287caa16f34d44ef4e9c3d0cbad5b521545e7
tzdata==2026.3 --hash=sha256:dc096730c87af6cab1b171c9d532be840741ff5d459015e7f6947bd7d7e54931
